
Microsoft Visual Studio Solution File, Format Version 12.00
# Visual Studio Version 17
VisualStudioVersion = 17.1.32210.238
MinimumVisualStudioVersion = 10.0.40219.1
Project("{9A19103F-16F7-4668-BE54-9A1E7A4F7556}") = "praticando_efcore_with_razor_pages", "EFCoreWithRazorPages\praticando_efcore_with_razor_pages.csproj", "{3C6CF4C3-CDFE-4350-A398-482DEE00A81F}"
EndProject
Project("{9A19103F-16F7-4668-BE54-9A1E7A4F7556}") = "VolatileExemple", "VolatileExemple\VolatileExemple.csproj", "{5651881B-ED69-4040-A2FE-9B0DF903AC2C}"
EndProject
Project("{9A19103F-16F7-4668-BE54-9A1E7A4F7556}") = "praticando_Interlocked", "InterlockedExemple\praticando_Interlocked.csproj", "{A1766AAC-6403-4789-82C1-9DB3339404F3}"
EndProject
Project("{9A19103F-16F7-4668-BE54-9A1E7A4F7556}") = "praticando_event_handler", "EventHandlerExemple\praticando_event_handler.csproj", "{EAA62F42-E135-4CEE-83A3-9684FA5DEBDB}"
EndProject
Project("{2150E333-8FDC-42A3-9474-1A3956D46DE8}") = "aspnetcore", "aspnetcore", "{22152549-2478-45AA-8B49-899E946230BB}"
EndProject
Project("{2150E333-8FDC-42A3-9474-1A3956D46DE8}") = "fundamentals", "fundamentals", "{9AA0130E-B8D0-4102-8982-718BB0C11EAA}"
EndProject
Project("{9A19103F-16F7-4668-BE54-9A1E7A4F7556}") = "DI", "DI\DI.csproj", "{7BC35622-89A2-41E7-8B07-0C390D8E3B28}"
EndProject
Project("{9A19103F-16F7-4668-BE54-9A1E7A4F7556}") = "praticando_manual_reset_event", "manual-reset-event\praticando_manual_reset_event.csproj", "{96C57418-B990-4B6A-8E56-FEA7DCC0F9BD}"
EndProject
Project("{9A19103F-16F7-4668-BE54-9A1E7A4F7556}") = "praticando_serilog", "serilog\praticando_serilog.csproj", "{5C629062-0220-4C97-8DEC-C10CD39FBAC1}"
EndProject
Project("{9A19103F-16F7-4668-BE54-9A1E7A4F7556}") = "renomeador", "renomeador\renomeador.csproj", "{F3E17D2F-2A98-499F-AEA5-DA4E3BBCE51A}"
EndProject
Project("{FAE04EC0-301F-11D3-BF4B-00C04F79EFBC}") = "renomeador_arquivos", "renomeador_arquivos\renomeador_arquivos.csproj", "{ACAF7BBA-D79D-4AA8-ABF7-B69CF30A67B9}"
EndProject
Global
	GlobalSection(SolutionConfigurationPlatforms) = preSolution
		Debug|Any CPU = Debug|Any CPU
		Release|Any CPU = Release|Any CPU
	EndGlobalSection
	GlobalSection(ProjectConfigurationPlatforms) = postSolution
		{3C6CF4C3-CDFE-4350-A398-482DEE00A81F}.Debug|Any CPU.ActiveCfg = Debug|Any CPU
		{3C6CF4C3-CDFE-4350-A398-482DEE00A81F}.Debug|Any CPU.Build.0 = Debug|Any CPU
		{3C6CF4C3-CDFE-4350-A398-482DEE00A81F}.Release|Any CPU.ActiveCfg = Release|Any CPU
		{3C6CF4C3-CDFE-4350-A398-482DEE00A81F}.Release|Any CPU.Build.0 = Release|Any CPU
		{5651881B-ED69-4040-A2FE-9B0DF903AC2C}.Debug|Any CPU.ActiveCfg = Debug|Any CPU
		{5651881B-ED69-4040-A2FE-9B0DF903AC2C}.Debug|Any CPU.Build.0 = Debug|Any CPU
		{5651881B-ED69-4040-A2FE-9B0DF903AC2C}.Release|Any CPU.ActiveCfg = Release|Any CPU
		{5651881B-ED69-4040-A2FE-9B0DF903AC2C}.Release|Any CPU.Build.0 = Release|Any CPU
		{A1766AAC-6403-4789-82C1-9DB3339404F3}.Debug|Any CPU.ActiveCfg = Debug|Any CPU
		{A1766AAC-6403-4789-82C1-9DB3339404F3}.Debug|Any CPU.Build.0 = Debug|Any CPU
		{A1766AAC-6403-4789-82C1-9DB3339404F3}.Release|Any CPU.ActiveCfg = Release|Any CPU
		{A1766AAC-6403-4789-82C1-9DB3339404F3}.Release|Any CPU.Build.0 = Release|Any CPU
		{EAA62F42-E135-4CEE-83A3-9684FA5DEBDB}.Debug|Any CPU.ActiveCfg = Debug|Any CPU
		{EAA62F42-E135-4CEE-83A3-9684FA5DEBDB}.Debug|Any CPU.Build.0 = Debug|Any CPU
		{EAA62F42-E135-4CEE-83A3-9684FA5DEBDB}.Release|Any CPU.ActiveCfg = Release|Any CPU
		{EAA62F42-E135-4CEE-83A3-9684FA5DEBDB}.Release|Any CPU.Build.0 = Release|Any CPU
		{7BC35622-89A2-41E7-8B07-0C390D8E3B28}.Debug|Any CPU.ActiveCfg = Debug|Any CPU
		{7BC35622-89A2-41E7-8B07-0C390D8E3B28}.Debug|Any CPU.Build.0 = Debug|Any CPU
		{7BC35622-89A2-41E7-8B07-0C390D8E3B28}.Release|Any CPU.ActiveCfg = Release|Any CPU
		{7BC35622-89A2-41E7-8B07-0C390D8E3B28}.Release|Any CPU.Build.0 = Release|Any CPU
		{96C57418-B990-4B6A-8E56-FEA7DCC0F9BD}.Debug|Any CPU.ActiveCfg = Debug|Any CPU
		{96C57418-B990-4B6A-8E56-FEA7DCC0F9BD}.Debug|Any CPU.Build.0 = Debug|Any CPU
		{96C57418-B990-4B6A-8E56-FEA7DCC0F9BD}.Release|Any CPU.ActiveCfg = Release|Any CPU
		{96C57418-B990-4B6A-8E56-FEA7DCC0F9BD}.Release|Any CPU.Build.0 = Release|Any CPU
		{5C629062-0220-4C97-8DEC-C10CD39FBAC1}.Debug|Any CPU.ActiveCfg = Debug|Any CPU
		{5C629062-0220-4C97-8DEC-C10CD39FBAC1}.Debug|Any CPU.Build.0 = Debug|Any CPU
		{5C629062-0220-4C97-8DEC-C10CD39FBAC1}.Release|Any CPU.ActiveCfg = Release|Any CPU
		{5C629062-0220-4C97-8DEC-C10CD39FBAC1}.Release|Any CPU.Build.0 = Release|Any CPU
		{F3E17D2F-2A98-499F-AEA5-DA4E3BBCE51A}.Debug|Any CPU.ActiveCfg = Debug|Any CPU
		{F3E17D2F-2A98-499F-AEA5-DA4E3BBCE51A}.Debug|Any CPU.Build.0 = Debug|Any CPU
		{F3E17D2F-2A98-499F-AEA5-DA4E3BBCE51A}.Release|Any CPU.ActiveCfg = Release|Any CPU
		{F3E17D2F-2A98-499F-AEA5-DA4E3BBCE51A}.Release|Any CPU.Build.0 = Release|Any CPU
		{ACAF7BBA-D79D-4AA8-ABF7-B69CF30A67B9}.Debug|Any CPU.ActiveCfg = Debug|Any CPU
		{ACAF7BBA-D79D-4AA8-ABF7-B69CF30A67B9}.Debug|Any CPU.Build.0 = Debug|Any CPU
		{ACAF7BBA-D79D-4AA8-ABF7-B69CF30A67B9}.Release|Any CPU.ActiveCfg = Release|Any CPU
		{ACAF7BBA-D79D-4AA8-ABF7-B69CF30A67B9}.Release|Any CPU.Build.0 = Release|Any CPU
	EndGlobalSection
	GlobalSection(SolutionProperties) = preSolution
		HideSolutionNode = FALSE
	EndGlobalSection
	GlobalSection(NestedProjects) = preSolution
		{3C6CF4C3-CDFE-4350-A398-482DEE00A81F} = {22152549-2478-45AA-8B49-899E946230BB}
		{5651881B-ED69-4040-A2FE-9B0DF903AC2C} = {22152549-2478-45AA-8B49-899E946230BB}
		{A1766AAC-6403-4789-82C1-9DB3339404F3} = {22152549-2478-45AA-8B49-899E946230BB}
		{EAA62F42-E135-4CEE-83A3-9684FA5DEBDB} = {22152549-2478-45AA-8B49-899E946230BB}
		{9AA0130E-B8D0-4102-8982-718BB0C11EAA} = {22152549-2478-45AA-8B49-899E946230BB}
		{7BC35622-89A2-41E7-8B07-0C390D8E3B28} = {9AA0130E-B8D0-4102-8982-718BB0C11EAA}
		{96C57418-B990-4B6A-8E56-FEA7DCC0F9BD} = {22152549-2478-45AA-8B49-899E946230BB}
		{5C629062-0220-4C97-8DEC-C10CD39FBAC1} = {22152549-2478-45AA-8B49-899E946230BB}
		{F3E17D2F-2A98-499F-AEA5-DA4E3BBCE51A} = {22152549-2478-45AA-8B49-899E946230BB}
	EndGlobalSection
	GlobalSection(ExtensibilityGlobals) = postSolution
		SolutionGuid = {E2CCBA93-747D-4823-850D-034F99F04DD8}
	EndGlobalSection
EndGlobal
